
Microsoft Visual Studio Solution File, Format Version 12.00
# Visual Studio Version 16
VisualStudioVersion = 25.0.1706.1
MinimumVisualStudioVersion = 10.0.40219.1
Project("{FAE04EC0-301F-11D3-BF4B-00C04F79EFBC}") = "Supernatural_Inheritance", "Supernatural_Inheritance\Supernatural_Inheritance.csproj", "{95DC4C2B-0CEA-43DE-A1D5-34C723C66523}"
EndProject
Global
	GlobalSection(SolutionConfigurationPlatforms) = preSolution
		Debug|Any CPU = Debug|Any CPU
		Release|Any CPU = Release|Any CPU
	EndGlobalSection
	GlobalSection(ProjectConfigurationPlatforms) = postSolution
		{95DC4C2B-0CEA-43DE-A1D5-34C723C66523}.Debug|Any CPU.ActiveCfg = Debug|Any CPU
		{95DC4C2B-0CEA-43DE-A1D5-34C723C66523}.Debug|Any CPU.Build.0 = Debug|Any CPU
		{95DC4C2B-0CEA-43DE-A1D5-34C723C66523}.Release|Any CPU.ActiveCfg = Release|Any CPU
		{95DC4C2B-0CEA-43DE-A1D5-34C723C66523}.Release|Any CPU.Build.0 = Release|Any CPU
	EndGlobalSection
	GlobalSection(SolutionProperties) = preSolution
		HideSolutionNode = FALSE
	EndGlobalSection
	GlobalSection(ExtensibilityGlobals) = postSolution
		SolutionGuid = {B7BC2462-CCAD-4B7E-ABEA-98CE4B9A0771}
	EndGlobalSection
EndGlobal
